Microsoft Visual Studio Solution File, Format Version 12.00
# Visual Studio Version 17
VisualStudioVersion = 17.5.2.0
MinimumVisualStudioVersion = 10.0.40219.1
Project("{FAE04EC0-301F-11D3-BF4B-00C04F79EFBC}") = "FileKit", "FileKit.csproj", "{6BE66ED4-B9A0-5AAF-3132-F79AD69311D9}"
EndProject
Global
	GlobalSection(SolutionConfigurationPlatforms) = preSolution
		Debug|Any CPU = Debug|Any CPU
		Release|Any CPU = Release|Any CPU
	EndGlobalSection
	GlobalSection(ProjectConfigurationPlatforms) = postSolution
		{6BE66ED4-B9A0-5AAF-3132-F79AD69311D9}.Debug|Any CPU.ActiveCfg = Debug|Any CPU
		{6BE66ED4-B9A0-5AAF-3132-F79AD69311D9}.Debug|Any CPU.Build.0 = Debug|Any CPU
		{6BE66ED4-B9A0-5AAF-3132-F79AD69311D9}.Release|Any CPU.ActiveCfg = Release|Any CPU
		{6BE66ED4-B9A0-5AAF-3132-F79AD69311D9}.Release|Any CPU.Build.0 = Release|Any CPU
	EndGlobalSection
	GlobalSection(SolutionProperties) = preSolution
		HideSolutionNode = FALSE
	EndGlobalSection
	GlobalSection(ExtensibilityGlobals) = postSolution
		SolutionGuid = {E5AE83D4-4934-4C4E-B4FB-0885E72F4E71}
	EndGlobalSection
EndGlobal
